
Microsoft Visual Studio Solution File, Format Version 12.00
# Visual Studio Version 16
VisualStudioVersion = 16.0.31005.135
MinimumVisualStudioVersion = 10.0.40219.1
Project("{FAE04EC0-301F-11D3-BF4B-00C04F79EFBC}") = "AIPS_GIBDD", "AIPS_GIBDD\AIPS_GIBDD.csproj", "{D0675847-AA13-4240-98EC-A1EEC37D3C2E}"
EndProject
Global
	GlobalSection(SolutionConfigurationPlatforms) = preSolution
		Debug|Any CPU = Debug|Any CPU
		Release|Any CPU = Release|Any CPU
	EndGlobalSection
	GlobalSection(ProjectConfigurationPlatforms) = postSolution
		{D0675847-AA13-4240-98EC-A1EEC37D3C2E}.Debug|Any CPU.ActiveCfg = Debug|Any CPU
		{D0675847-AA13-4240-98EC-A1EEC37D3C2E}.Debug|Any CPU.Build.0 = Debug|Any CPU
		{D0675847-AA13-4240-98EC-A1EEC37D3C2E}.Release|Any CPU.ActiveCfg = Release|Any CPU
		{D0675847-AA13-4240-98EC-A1EEC37D3C2E}.Release|Any CPU.Build.0 = Release|Any CPU
	EndGlobalSection
	GlobalSection(SolutionProperties) = preSolution
		HideSolutionNode = FALSE
	EndGlobalSection
	GlobalSection(ExtensibilityGlobals) = postSolution
		SolutionGuid = {FEFC1E7D-41F1-409F-845D-DEC9B962B2DE}
	EndGlobalSection
EndGlobal
